
Microsoft Visual Studio Solution File, Format Version 12.00
# Visual Studio Version 17
VisualStudioVersion = 17.4.33213.308
MinimumVisualStudioVersion = 10.0.40219.1
Project("{9A19103F-16F7-4668-BE54-9A1E7A4F7556}") = "Sandbox2", "Sandbox2.csproj", "{FF9DD863-A33E-40A5-BAC0-60B52276DA49}"
EndProject
Project("{9A19103F-16F7-4668-BE54-9A1E7A4F7556}") = "GodotUtils", "..\..\..\source\repos\GodotUtils\GodotUtils\GodotUtils.csproj", "{48F2817F-7752-48E5-82B0-FA8F07A60FB4}"
EndProject
Global
	GlobalSection(SolutionConfigurationPlatforms) = preSolution
		Debug|Any CPU = Debug|Any CPU
		ExportDebug|Any CPU = ExportDebug|Any CPU
		ExportRelease|Any CPU = ExportRelease|Any CPU
		Release|Any CPU = Release|Any CPU
	EndGlobalSection
	GlobalSection(ProjectConfigurationPlatforms) = postSolution
		{FF9DD863-A33E-40A5-BAC0-60B52276DA49}.Debug|Any CPU.ActiveCfg = Debug|Any CPU
		{FF9DD863-A33E-40A5-BAC0-60B52276DA49}.Debug|Any CPU.Build.0 = Debug|Any CPU
		{FF9DD863-A33E-40A5-BAC0-60B52276DA49}.ExportDebug|Any CPU.ActiveCfg = ExportDebug|Any CPU
		{FF9DD863-A33E-40A5-BAC0-60B52276DA49}.ExportDebug|Any CPU.Build.0 = ExportDebug|Any CPU
		{FF9DD863-A33E-40A5-BAC0-60B52276DA49}.ExportRelease|Any CPU.ActiveCfg = ExportRelease|Any CPU
		{FF9DD863-A33E-40A5-BAC0-60B52276DA49}.ExportRelease|Any CPU.Build.0 = ExportRelease|Any CPU
		{FF9DD863-A33E-40A5-BAC0-60B52276DA49}.Release|Any CPU.ActiveCfg = ExportRelease|Any CPU
		{FF9DD863-A33E-40A5-BAC0-60B52276DA49}.Release|Any CPU.Build.0 = ExportRelease|Any CPU
		{48F2817F-7752-48E5-82B0-FA8F07A60FB4}.Debug|Any CPU.ActiveCfg = Debug|Any CPU
		{48F2817F-7752-48E5-82B0-FA8F07A60FB4}.Debug|Any CPU.Build.0 = Debug|Any CPU
		{48F2817F-7752-48E5-82B0-FA8F07A60FB4}.ExportDebug|Any CPU.ActiveCfg = Debug|Any CPU
		{48F2817F-7752-48E5-82B0-FA8F07A60FB4}.ExportDebug|Any CPU.Build.0 = Debug|Any CPU
		{48F2817F-7752-48E5-82B0-FA8F07A60FB4}.ExportRelease|Any CPU.ActiveCfg = Release|Any CPU
		{48F2817F-7752-48E5-82B0-FA8F07A60FB4}.ExportRelease|Any CPU.Build.0 = Release|Any CPU
		{48F2817F-7752-48E5-82B0-FA8F07A60FB4}.Release|Any CPU.ActiveCfg = Release|Any CPU
		{48F2817F-7752-48E5-82B0-FA8F07A60FB4}.Release|Any CPU.Build.0 = Release|Any CPU
	EndGlobalSection
	GlobalSection(SolutionProperties) = preSolution
		HideSolutionNode = FALSE
	EndGlobalSection
	GlobalSection(ExtensibilityGlobals) = postSolution
		SolutionGuid = {BBF9346F-BD5A-438E-9DD9-5322F64EE09C}
	EndGlobalSection
EndGlobal
